
Microsoft Visual Studio Solution File, Format Version 12.00
# Visual Studio Version 16
VisualStudioVersion = 16.0.30804.86
MinimumVisualStudioVersion = 10.0.40219.1
Project("{FAE04EC0-301F-11D3-BF4B-00C04F79EFBC}") = "LoggingCS", "LoggingCS.csproj", "{34820AE2-36D5-42A4-8AB3-A6A9F6C2F82C}"
EndProject
Global
	GlobalSection(SolutionConfigurationPlatforms) = preSolution
		Debug|Any CPU = Debug|Any CPU
		Release|Any CPU = Release|Any CPU
	EndGlobalSection
	GlobalSection(ProjectConfigurationPlatforms) = postSolution
		{34820AE2-36D5-42A4-8AB3-A6A9F6C2F82C}.Debug|Any CPU.ActiveCfg = Debug|Any CPU
		{34820AE2-36D5-42A4-8AB3-A6A9F6C2F82C}.Debug|Any CPU.Build.0 = Debug|Any CPU
		{34820AE2-36D5-42A4-8AB3-A6A9F6C2F82C}.Release|Any CPU.ActiveCfg = Release|Any CPU
		{34820AE2-36D5-42A4-8AB3-A6A9F6C2F82C}.Release|Any CPU.Build.0 = Release|Any CPU
	EndGlobalSection
	GlobalSection(SolutionProperties) = preSolution
		HideSolutionNode = FALSE
	EndGlobalSection
	GlobalSection(ExtensibilityGlobals) = postSolution
		SolutionGuid = {FF89C18B-50A2-46B6-911F-BD47E5988049}
	EndGlobalSection
EndGlobal
