
Microsoft Visual Studio Solution File, Format Version 12.00
# Visual Studio Version 16
VisualStudioVersion = 16.0.30804.86
MinimumVisualStudioVersion = 10.0.40219.1
Project("{9A19103F-16F7-4668-BE54-9A1E7A4F7556}") = "TradingEngineServer", "TradingEngineServer.csproj", "{5BC0D310-2BA6-43FF-A228-AE86090562D9}"
EndProject
Project("{FAE04EC0-301F-11D3-BF4B-00C04F79EFBC}") = "LoggingCS", "..\LoggingCS\LoggingCS.csproj", "{6AD280EA-9FDA-41FF-9033-359B66920B0C}"
EndProject
Global
	GlobalSection(SolutionConfigurationPlatforms) = preSolution
		Debug|Any CPU = Debug|Any CPU
		Release|Any CPU = Release|Any CPU
	EndGlobalSection
	GlobalSection(ProjectConfigurationPlatforms) = postSolution
		{5BC0D310-2BA6-43FF-A228-AE86090562D9}.Debug|Any CPU.ActiveCfg = Debug|Any CPU
		{5BC0D310-2BA6-43FF-A228-AE86090562D9}.Debug|Any CPU.Build.0 = Debug|Any CPU
		{5BC0D310-2BA6-43FF-A228-AE86090562D9}.Release|Any CPU.ActiveCfg = Release|Any CPU
		{5BC0D310-2BA6-43FF-A228-AE86090562D9}.Release|Any CPU.Build.0 = Release|Any CPU
		{6AD280EA-9FDA-41FF-9033-359B66920B0C}.Debug|Any CPU.ActiveCfg = Debug|Any CPU
		{6AD280EA-9FDA-41FF-9033-359B66920B0C}.Debug|Any CPU.Build.0 = Debug|Any CPU
		{6AD280EA-9FDA-41FF-9033-359B66920B0C}.Release|Any CPU.ActiveCfg = Release|Any CPU
		{6AD280EA-9FDA-41FF-9033-359B66920B0C}.Release|Any CPU.Build.0 = Release|Any CPU
	EndGlobalSection
	GlobalSection(SolutionProperties) = preSolution
		HideSolutionNode = FALSE
	EndGlobalSection
	GlobalSection(ExtensibilityGlobals) = postSolution
		SolutionGuid = {0820A573-1FE9-48EC-B4EC-5E7239090A0F}
	EndGlobalSection
EndGlobal
